
Microsoft Visual Studio Solution File, Format Version 12.00
# Visual Studio Version 17
VisualStudioVersion = 17.0.32014.148
MinimumVisualStudioVersion = 10.0.40219.1
Project("{FAE04EC0-301F-11D3-BF4B-00C04F79EFBC}") = "CalcTest", "CalcTest\CalcTest.csproj", "{169D0D40-ADC8-4DD3-9664-A1F932CE7A7B}"
EndProject
Global
	GlobalSection(SolutionConfigurationPlatforms) = preSolution
		Debug|Any CPU = Debug|Any CPU
		Release|Any CPU = Release|Any CPU
	EndGlobalSection
	GlobalSection(ProjectConfigurationPlatforms) = postSolution
		{169D0D40-ADC8-4DD3-9664-A1F932CE7A7B}.Debug|Any CPU.ActiveCfg = Debug|Any CPU
		{169D0D40-ADC8-4DD3-9664-A1F932CE7A7B}.Debug|Any CPU.Build.0 = Debug|Any CPU
		{169D0D40-ADC8-4DD3-9664-A1F932CE7A7B}.Release|Any CPU.ActiveCfg = Release|Any CPU
		{169D0D40-ADC8-4DD3-9664-A1F932CE7A7B}.Release|Any CPU.Build.0 = Release|Any CPU
	EndGlobalSection
	GlobalSection(SolutionProperties) = preSolution
		HideSolutionNode = FALSE
	EndGlobalSection
	GlobalSection(ExtensibilityGlobals) = postSolution
		SolutionGuid = {70B977D4-9982-407D-B70E-1B1AC13CFC8A}
	EndGlobalSection
EndGlobal
